{
  "version": "5",
  "specifiers": {
    "jsr:@deno/installer-shell-setup@*": "0.3.4"
  },
  "jsr": {
    "@deno/installer-shell-setup@0.3.4": {
      "integrity": "48665d1a737d487cce6874bc97bba70a5aeffa7053aca3f60df93c6fab8963b4"
    }
  },
  "workspace": {
    "packageJson": {
      "dependencies": [
        "npm:cors@^2.8.6",
        "npm:dotenv@^18.0.4",
        "npm:express@^5.2.1",
        "npm:google-auth-library@^10.9.1",
        "npm:multer@^2.4.0",
        "npm:nodemailer@^10.0.10",
        "npm:socket.io-client@^4.8.4",
        "npm:socket.io@^4.8.4",
        "npm:sql.js@^1.14.2",
        "npm:sqlite3@^6.0.1",
        "npm:uuid@^14.0.2"
      ]
    }
  }
}
